
Microsoft Visual Studio Solution File, Format Version 12.00
# Visual Studio Version 17
VisualStudioVersion = 17.5.002.0
MinimumVisualStudioVersion = 10.0.40219.1
Project("{2150E333-8FDC-42A3-9474-1A3956D46DE8}") = "Services", "Services", "{80EC575C-372F-4B72-8BD3-50EFA3AD56A3}"
EndProject
Project("{9A19103F-16F7-4668-BE54-9A1E7A4F7556}") = "Ardu.DiscordBot", "Services\Ardu.DiscordBot\Ardu.DiscordBot.csproj", "{54D0622E-A302-4FC7-873C-3A5CE29E198D}"
EndProject
Global
	GlobalSection(SolutionConfigurationPlatforms) = preSolution
		Debug|Any CPU = Debug|Any CPU
		Release|Any CPU = Release|Any CPU
	EndGlobalSection
	GlobalSection(ProjectConfigurationPlatforms) = postSolution
		{54D0622E-A302-4FC7-873C-3A5CE29E198D}.Debug|Any CPU.ActiveCfg = Debug|Any CPU
		{54D0622E-A302-4FC7-873C-3A5CE29E198D}.Debug|Any CPU.Build.0 = Debug|Any CPU
		{54D0622E-A302-4FC7-873C-3A5CE29E198D}.Release|Any CPU.ActiveCfg = Release|Any CPU
		{54D0622E-A302-4FC7-873C-3A5CE29E198D}.Release|Any CPU.Build.0 = Release|Any CPU
	EndGlobalSection
	GlobalSection(SolutionProperties) = preSolution
		HideSolutionNode = FALSE
	EndGlobalSection
	GlobalSection(NestedProjects) = preSolution
		{54D0622E-A302-4FC7-873C-3A5CE29E198D} = {80EC575C-372F-4B72-8BD3-50EFA3AD56A3}
	EndGlobalSection
	GlobalSection(ExtensibilityGlobals) = postSolution
		SolutionGuid = {4CBB31E1-25F3-476A-B92C-8121446F55E7}
	EndGlobalSection
EndGlobal
